
Microsoft Visual Studio Solution File, Format Version 12.00
# Visual Studio Version 17
VisualStudioVersion = 17.8.34511.84
MinimumVisualStudioVersion = 10.0.40219.1
Project("{FAE04EC0-301F-11D3-BF4B-00C04F79EFBC}") = "Monopoly", "Monopoly.csproj", "{ABCCF4BD-85A4-4229-ABCD-348575108814}"
EndProject
Global
	GlobalSection(SolutionConfigurationPlatforms) = preSolution
		Debug|Any CPU = Debug|Any CPU
		Release|Any CPU = Release|Any CPU
	EndGlobalSection
	GlobalSection(ProjectConfigurationPlatforms) = postSolution
		{ABCCF4BD-85A4-4229-ABCD-348575108814}.Debug|Any CPU.ActiveCfg = Debug|Any CPU
		{ABCCF4BD-85A4-4229-ABCD-348575108814}.Debug|Any CPU.Build.0 = Debug|Any CPU
		{ABCCF4BD-85A4-4229-ABCD-348575108814}.Release|Any CPU.ActiveCfg = Release|Any CPU
		{ABCCF4BD-85A4-4229-ABCD-348575108814}.Release|Any CPU.Build.0 = Release|Any CPU
	EndGlobalSection
	GlobalSection(SolutionProperties) = preSolution
		HideSolutionNode = FALSE
	EndGlobalSection
	GlobalSection(ExtensibilityGlobals) = postSolution
		SolutionGuid = {011FB414-2AEA-4545-AAED-6BCA7E1723A5}
	EndGlobalSection
EndGlobal
